
Microsoft Visual Studio Solution File, Format Version 12.00
Project("{FAE04EC0-301F-11D3-BF4B-00C04F79EFBC}") = "SystemProgramming", "SystemProgramming.csproj", "{CAEA00BA-7B4A-455A-B165-9533B76422E7}"
EndProject
Global
	GlobalSection(SolutionConfigurationPlatforms) = preSolution
		Debug|Any CPU = Debug|Any CPU
		Release|Any CPU = Release|Any CPU
	EndGlobalSection
	GlobalSection(ProjectConfigurationPlatforms) = postSolution
		{CAEA00BA-7B4A-455A-B165-9533B76422E7}.Debug|Any CPU.ActiveCfg = Debug|Any CPU
		{CAEA00BA-7B4A-455A-B165-9533B76422E7}.Debug|Any CPU.Build.0 = Debug|Any CPU
		{CAEA00BA-7B4A-455A-B165-9533B76422E7}.Release|Any CPU.ActiveCfg = Release|Any CPU
		{CAEA00BA-7B4A-455A-B165-9533B76422E7}.Release|Any CPU.Build.0 = Release|Any CPU
	EndGlobalSection
EndGlobal
